
Microsoft Visual Studio Solution File, Format Version 12.00
# Visual Studio Version 17
VisualStudioVersion = 17.6.33723.286
MinimumVisualStudioVersion = 10.0.40219.1
Project("{FAE04EC0-301F-11D3-BF4B-00C04F79EFBC}") = "Orien.PYS.Web", "Orien.PYS.Web\Orien.PYS.Web.csproj", "{66C3B270-F505-487B-A929-3A499F8531E6}"
EndProject
Project("{FAE04EC0-301F-11D3-BF4B-00C04F79EFBC}") = "Orien.PYS.Data", "Orien.PYS.Data\Orien.PYS.Data.csproj", "{9F99C3BE-6D8D-4EDE-9110-132F20715074}"
EndProject
Project("{FAE04EC0-301F-11D3-BF4B-00C04F79EFBC}") = "Orien.PYS.Business", "Orien.PYS.Business\Orien.PYS.Business.csproj", "{7048D570-7140-4CE6-BF74-624421D0B8C8}"
EndProject
Global
	GlobalSection(SolutionConfigurationPlatforms) = preSolution
		Debug|Any CPU = Debug|Any CPU
		Release|Any CPU = Release|Any CPU
	EndGlobalSection
	GlobalSection(ProjectConfigurationPlatforms) = postSolution
		{66C3B270-F505-487B-A929-3A499F8531E6}.Debug|Any CPU.ActiveCfg = Debug|Any CPU
		{66C3B270-F505-487B-A929-3A499F8531E6}.Debug|Any CPU.Build.0 = Debug|Any CPU
		{66C3B270-F505-487B-A929-3A499F8531E6}.Release|Any CPU.ActiveCfg = Release|Any CPU
		{66C3B270-F505-487B-A929-3A499F8531E6}.Release|Any CPU.Build.0 = Release|Any CPU
		{9F99C3BE-6D8D-4EDE-9110-132F20715074}.Debug|Any CPU.ActiveCfg = Debug|Any CPU
		{9F99C3BE-6D8D-4EDE-9110-132F20715074}.Debug|Any CPU.Build.0 = Debug|Any CPU
		{9F99C3BE-6D8D-4EDE-9110-132F20715074}.Release|Any CPU.ActiveCfg = Release|Any CPU
		{9F99C3BE-6D8D-4EDE-9110-132F20715074}.Release|Any CPU.Build.0 = Release|Any CPU
		{7048D570-7140-4CE6-BF74-624421D0B8C8}.Debug|Any CPU.ActiveCfg = Debug|Any CPU
		{7048D570-7140-4CE6-BF74-624421D0B8C8}.Debug|Any CPU.Build.0 = Debug|Any CPU
		{7048D570-7140-4CE6-BF74-624421D0B8C8}.Release|Any CPU.ActiveCfg = Release|Any CPU
		{7048D570-7140-4CE6-BF74-624421D0B8C8}.Release|Any CPU.Build.0 = Release|Any CPU
	EndGlobalSection
	GlobalSection(SolutionProperties) = preSolution
		HideSolutionNode = FALSE
	EndGlobalSection
	GlobalSection(ExtensibilityGlobals) = postSolution
		SolutionGuid = {D0D6C11D-359C-4E2A-9E71-A14E162196AB}
	EndGlobalSection
EndGlobal
